{
  "originHash" : "ed4d72a25f85c1ada90839f29daca410c0efda765e1f7c61bb11710cef409c12",
  "pins" : [
    {
      "identity" : "networkimage",
      "kind" : "remoteSourceControl",
      "location" : "https://github.com/gonzalezreal/NetworkImage.git",
      "state" : {
        "revision" : "2849f5323265386e200484b0d0f896e73c3411b9",
        "version" : "6.0.1"
      }
    },
    {
      "identity" : "purchases-ios",
      "kind" : "remoteSourceControl",
      "location" : "https://github.com/RevenueCat/purchases-ios.git",
      "state" : {
        "revision" : "8ef238a3add691f410a5b50789630582c9431f38",
        "version" : "5.51.1"
      }
    }
  ],
  "version" : 3
}
